
Microsoft Visual Studio Solution File, Format Version 12.00
# Visual Studio 15
VisualStudioVersion = 15.0.26430.13
MinimumVisualStudioVersion = 10.0.40219.1
Project("{D954291E-2A0B-460D-934E-DC6B0785DB48}") = "App2", "App2\App2\App2.shproj", "{D7B4FDF3-AF38-4711-9029-807110C0966C}"
EndProject
Project("{FAE04EC0-301F-11D3-BF4B-00C04F79EFBC}") = "App2.Android", "App2\App2.Android\App2.Android.csproj", "{9472220C-E189-4A4A-8C40-E55928745441}"
EndProject
Project("{FAE04EC0-301F-11D3-BF4B-00C04F79EFBC}") = "App2.iOS", "App2\App2.iOS\App2.iOS.csproj", "{C127428F-B0DB-4C7F-8FA8-E27F91783947}"
EndProject
Project("{FAE04EC0-301F-11D3-BF4B-00C04F79EFBC}") = "App2.UWP", "App2\App2.UWP\App2.UWP.csproj", "{8D8D8CFD-D410-481D-9A89-0F7ABF680662}"
EndProject
Global
	GlobalSection(SharedMSBuildProjectFiles) = preSolution
		App2\App2\App2.projitems*{8d8d8cfd-d410-481d-9a89-0f7abf680662}*SharedItemsImports = 4
		App2\App2\App2.projitems*{9472220c-e189-4a4a-8c40-e55928745441}*SharedItemsImports = 4
		App2\App2\App2.projitems*{c127428f-b0db-4c7f-8fa8-e27f91783947}*SharedItemsImports = 4
		App2\App2\App2.projitems*{d7b4fdf3-af38-4711-9029-807110c0966c}*SharedItemsImports = 13
	EndGlobalSection
	GlobalSection(SolutionConfigurationPlatforms) = preSolution
		Ad-Hoc|Any CPU = Ad-Hoc|Any CPU
		Ad-Hoc|ARM = Ad-Hoc|ARM
		Ad-Hoc|iPhone = Ad-Hoc|iPhone
		Ad-Hoc|iPhoneSimulator = Ad-Hoc|iPhoneSimulator
		Ad-Hoc|x64 = Ad-Hoc|x64
		Ad-Hoc|x86 = Ad-Hoc|x86
		AppStore|Any CPU = AppStore|Any CPU
		AppStore|ARM = AppStore|ARM
		AppStore|iPhone = AppStore|iPhone
		AppStore|iPhoneSimulator = AppStore|iPhoneSimulator
		AppStore|x64 = AppStore|x64
		AppStore|x86 = AppStore|x86
		Debug|Any CPU = Debug|Any CPU
		Debug|ARM = Debug|ARM
		Debug|iPhone = Debug|iPhone
		Debug|iPhoneSimulator = Debug|iPhoneSimulator
		Debug|x64 = Debug|x64
		Debug|x86 = Debug|x86
		Release|Any CPU = Release|Any CPU
		Release|ARM = Release|ARM
		Release|iPhone = Release|iPhone
		Release|iPhoneSimulator = Release|iPhoneSimulator
		Release|x64 = Release|x64
		Release|x86 = Release|x86
	EndGlobalSection
	GlobalSection(ProjectConfigurationPlatforms) = postSolution
		{9472220C-E189-4A4A-8C40-E55928745441}.Ad-Hoc|Any CPU.ActiveCfg = Release|Any CPU
		{9472220C-E189-4A4A-8C40-E55928745441}.Ad-Hoc|Any CPU.Build.0 = Release|Any CPU
		{9472220C-E189-4A4A-8C40-E55928745441}.Ad-Hoc|Any CPU.Deploy.0 = Release|Any CPU
		{9472220C-E189-4A4A-8C40-E55928745441}.Ad-Hoc|ARM.ActiveCfg = Release|Any CPU
		{9472220C-E189-4A4A-8C40-E55928745441}.Ad-Hoc|ARM.Build.0 = Release|Any CPU
		{9472220C-E189-4A4A-8C40-E55928745441}.Ad-Hoc|ARM.Deploy.0 = Release|Any CPU
		{9472220C-E189-4A4A-8C40-E55928745441}.Ad-Hoc|iPhone.ActiveCfg = Release|Any CPU
		{9472220C-E189-4A4A-8C40-E55928745441}.Ad-Hoc|iPhone.Build.0 = Release|Any CPU
		{9472220C-E189-4A4A-8C40-E55928745441}.Ad-Hoc|iPhone.Deploy.0 = Release|Any CPU
		{9472220C-E189-4A4A-8C40-E55928745441}.Ad-Hoc|iPhoneSimulator.ActiveCfg = Release|Any CPU
		{9472220C-E189-4A4A-8C40-E55928745441}.Ad-Hoc|iPhoneSimulator.Build.0 = Release|Any CPU
		{9472220C-E189-4A4A-8C40-E55928745441}.Ad-Hoc|iPhoneSimulator.Deploy.0 = Release|Any CPU
		{9472220C-E189-4A4A-8C40-E55928745441}.Ad-Hoc|x64.ActiveCfg = Release|Any CPU
		{9472220C-E189-4A4A-8C40-E55928745441}.Ad-Hoc|x64.Build.0 = Release|Any CPU
		{9472220C-E189-4A4A-8C40-E55928745441}.Ad-Hoc|x64.Deploy.0 = Release|Any CPU
		{9472220C-E189-4A4A-8C40-E55928745441}.Ad-Hoc|x86.ActiveCfg = Release|Any CPU
		{9472220C-E189-4A4A-8C40-E55928745441}.Ad-Hoc|x86.Build.0 = Release|Any CPU
		{9472220C-E189-4A4A-8C40-E55928745441}.Ad-Hoc|x86.Deploy.0 = Release|Any CPU
		{9472220C-E189-4A4A-8C40-E55928745441}.AppStore|Any CPU.ActiveCfg = Release|Any CPU
		{9472220C-E189-4A4A-8C40-E55928745441}.AppStore|Any CPU.Build.0 = Release|Any CPU
		{9472220C-E189-4A4A-8C40-E55928745441}.AppStore|Any CPU.Deploy.0 = Release|Any CPU
		{9472220C-E189-4A4A-8C40-E55928745441}.AppStore|ARM.ActiveCfg = Release|Any CPU
		{9472220C-E189-4A4A-8C40-E55928745441}.AppStore|ARM.Build.0 = Release|Any CPU
		{9472220C-E189-4A4A-8C40-E55928745441}.AppStore|ARM.Deploy.0 = Release|Any CPU
		{9472220C-E189-4A4A-8C40-E55928745441}.AppStore|iPhone.ActiveCfg = Release|Any CPU
		{9472220C-E189-4A4A-8C40-E55928745441}.AppStore|iPhone.Build.0 = Release|Any CPU
		{9472220C-E189-4A4A-8C40-E55928745441}.AppStore|iPhone.Deploy.0 = Release|Any CPU
		{9472220C-E189-4A4A-8C40-E55928745441}.AppStore|iPhoneSimulator.ActiveCfg = Release|Any CPU
		{9472220C-E189-4A4A-8C40-E55928745441}.AppStore|iPhoneSimulator.Build.0 = Release|Any CPU
		{9472220C-E189-4A4A-8C40-E55928745441}.AppStore|iPhoneSimulator.Deploy.0 = Release|Any CPU
		{9472220C-E189-4A4A-8C40-E55928745441}.AppStore|x64.ActiveCfg = Release|Any CPU
		{9472220C-E189-4A4A-8C40-E55928745441}.AppStore|x64.Build.0 = Release|Any CPU
		{9472220C-E189-4A4A-8C40-E55928745441}.AppStore|x64.Deploy.0 = Release|Any CPU
		{9472220C-E189-4A4A-8C40-E55928745441}.AppStore|x86.ActiveCfg = Release|Any CPU
		{9472220C-E189-4A4A-8C40-E55928745441}.AppStore|x86.Build.0 = Release|Any CPU
		{9472220C-E189-4A4A-8C40-E55928745441}.AppStore|x86.Deploy.0 = Release|Any CPU
		{9472220C-E189-4A4A-8C40-E55928745441}.Debug|Any CPU.ActiveCfg = Debug|Any CPU
		{9472220C-E189-4A4A-8C40-E55928745441}.Debug|Any CPU.Build.0 = Debug|Any CPU
		{9472220C-E189-4A4A-8C40-E55928745441}.Debug|Any CPU.Deploy.0 = Debug|Any CPU
		{9472220C-E189-4A4A-8C40-E55928745441}.Debug|ARM.ActiveCfg = Debug|Any CPU
		{9472220C-E189-4A4A-8C40-E55928745441}.Debug|ARM.Build.0 = Debug|Any CPU
		{9472220C-E189-4A4A-8C40-E55928745441}.Debug|ARM.Deploy.0 = Debug|Any CPU
		{9472220C-E189-4A4A-8C40-E55928745441}.Debug|iPhone.ActiveCfg = Debug|Any CPU
		{9472220C-E189-4A4A-8C40-E55928745441}.Debug|iPhone.Build.0 = Debug|Any CPU
		{9472220C-E189-4A4A-8C40-E55928745441}.Debug|iPhone.Deploy.0 = Debug|Any CPU
		{9472220C-E189-4A4A-8C40-E55928745441}.Debug|iPhoneSimulator.ActiveCfg = Debug|Any CPU
		{9472220C-E189-4A4A-8C40-E55928745441}.Debug|iPhoneSimulator.Build.0 = Debug|Any CPU
		{9472220C-E189-4A4A-8C40-E55928745441}.Debug|iPhoneSimulator.Deploy.0 = Debug|Any CPU
		{9472220C-E189-4A4A-8C40-E55928745441}.Debug|x64.ActiveCfg = Debug|Any CPU
		{9472220C-E189-4A4A-8C40-E55928745441}.Debug|x64.Build.0 = Debug|Any CPU
		{9472220C-E189-4A4A-8C40-E55928745441}.Debug|x64.Deploy.0 = Debug|Any CPU
		{9472220C-E189-4A4A-8C40-E55928745441}.Debug|x86.ActiveCfg = Debug|Any CPU
		{9472220C-E189-4A4A-8C40-E55928745441}.Debug|x86.Build.0 = Debug|Any CPU
		{9472220C-E189-4A4A-8C40-E55928745441}.Debug|x86.Deploy.0 = Debug|Any CPU
		{9472220C-E189-4A4A-8C40-E55928745441}.Release|Any CPU.ActiveCfg = Release|Any CPU
		{9472220C-E189-4A4A-8C40-E55928745441}.Release|Any CPU.Build.0 = Release|Any CPU
		{9472220C-E189-4A4A-8C40-E55928745441}.Release|Any CPU.Deploy.0 = Release|Any CPU
		{9472220C-E189-4A4A-8C40-E55928745441}.Release|ARM.ActiveCfg = Release|Any CPU
		{9472220C-E189-4A4A-8C40-E55928745441}.Release|ARM.Build.0 = Release|Any CPU
		{9472220C-E189-4A4A-8C40-E55928745441}.Release|ARM.Deploy.0 = Release|Any CPU
		{9472220C-E189-4A4A-8C40-E55928745441}.Release|iPhone.ActiveCfg = Release|Any CPU
		{9472220C-E189-4A4A-8C40-E55928745441}.Release|iPhone.Build.0 = Release|Any CPU
		{9472220C-E189-4A4A-8C40-E55928745441}.Release|iPhone.Deploy.0 = Release|Any CPU
		{9472220C-E189-4A4A-8C40-E55928745441}.Release|iPhoneSimulator.ActiveCfg = Release|Any CPU
		{9472220C-E189-4A4A-8C40-E55928745441}.Release|iPhoneSimulator.Build.0 = Release|Any CPU
		{9472220C-E189-4A4A-8C40-E55928745441}.Release|iPhoneSimulator.Deploy.0 = Release|Any CPU
		{9472220C-E189-4A4A-8C40-E55928745441}.Release|x64.ActiveCfg = Release|Any CPU
		{9472220C-E189-4A4A-8C40-E55928745441}.Release|x64.Build.0 = Release|Any CPU
		{9472220C-E189-4A4A-8C40-E55928745441}.Release|x64.Deploy.0 = Release|Any CPU
		{9472220C-E189-4A4A-8C40-E55928745441}.Release|x86.ActiveCfg = Release|Any CPU
		{9472220C-E189-4A4A-8C40-E55928745441}.Release|x86.Build.0 = Release|Any CPU
		{9472220C-E189-4A4A-8C40-E55928745441}.Release|x86.Deploy.0 = Release|Any CPU
		{C127428F-B0DB-4C7F-8FA8-E27F91783947}.Ad-Hoc|Any CPU.ActiveCfg = Ad-Hoc|iPhone
		{C127428F-B0DB-4C7F-8FA8-E27F91783947}.Ad-Hoc|ARM.ActiveCfg = Ad-Hoc|iPhone
		{C127428F-B0DB-4C7F-8FA8-E27F91783947}.Ad-Hoc|iPhone.ActiveCfg = Ad-Hoc|iPhone
		{C127428F-B0DB-4C7F-8FA8-E27F91783947}.Ad-Hoc|iPhone.Build.0 = Ad-Hoc|iPhone
		{C127428F-B0DB-4C7F-8FA8-E27F91783947}.Ad-Hoc|iPhoneSimulator.ActiveCfg = Ad-Hoc|iPhoneSimulator
		{C127428F-B0DB-4C7F-8FA8-E27F91783947}.Ad-Hoc|iPhoneSimulator.Build.0 = Ad-Hoc|iPhoneSimulator
		{C127428F-B0DB-4C7F-8FA8-E27F91783947}.Ad-Hoc|x64.ActiveCfg = Ad-Hoc|iPhone
		{C127428F-B0DB-4C7F-8FA8-E27F91783947}.Ad-Hoc|x86.ActiveCfg = Ad-Hoc|iPhone
		{C127428F-B0DB-4C7F-8FA8-E27F91783947}.AppStore|Any CPU.ActiveCfg = AppStore|iPhone
		{C127428F-B0DB-4C7F-8FA8-E27F91783947}.AppStore|ARM.ActiveCfg = AppStore|iPhone
		{C127428F-B0DB-4C7F-8FA8-E27F91783947}.AppStore|iPhone.ActiveCfg = AppStore|iPhone
		{C127428F-B0DB-4C7F-8FA8-E27F91783947}.AppStore|iPhone.Build.0 = AppStore|iPhone
		{C127428F-B0DB-4C7F-8FA8-E27F91783947}.AppStore|iPhoneSimulator.ActiveCfg = AppStore|iPhoneSimulator
		{C127428F-B0DB-4C7F-8FA8-E27F91783947}.AppStore|iPhoneSimulator.Build.0 = AppStore|iPhoneSimulator
		{C127428F-B0DB-4C7F-8FA8-E27F91783947}.AppStore|x64.ActiveCfg = AppStore|iPhone
		{C127428F-B0DB-4C7F-8FA8-E27F91783947}.AppStore|x86.ActiveCfg = AppStore|iPhone
		{C127428F-B0DB-4C7F-8FA8-E27F91783947}.Debug|Any CPU.ActiveCfg = Debug|iPhone
		{C127428F-B0DB-4C7F-8FA8-E27F91783947}.Debug|ARM.ActiveCfg = Debug|iPhone
		{C127428F-B0DB-4C7F-8FA8-E27F91783947}.Debug|iPhone.ActiveCfg = Debug|iPhone
		{C127428F-B0DB-4C7F-8FA8-E27F91783947}.Debug|iPhone.Build.0 = Debug|iPhone
		{C127428F-B0DB-4C7F-8FA8-E27F91783947}.Debug|iPhoneSimulator.ActiveCfg = Debug|iPhoneSimulator
		{C127428F-B0DB-4C7F-8FA8-E27F91783947}.Debug|iPhoneSimulator.Build.0 = Debug|iPhoneSimulator
		{C127428F-B0DB-4C7F-8FA8-E27F91783947}.Debug|x64.ActiveCfg = Debug|iPhone
		{C127428F-B0DB-4C7F-8FA8-E27F91783947}.Debug|x86.ActiveCfg = Debug|iPhone
		{C127428F-B0DB-4C7F-8FA8-E27F91783947}.Release|Any CPU.ActiveCfg = Release|iPhone
		{C127428F-B0DB-4C7F-8FA8-E27F91783947}.Release|ARM.ActiveCfg = Release|iPhone
		{C127428F-B0DB-4C7F-8FA8-E27F91783947}.Release|iPhone.ActiveCfg = Release|iPhone
		{C127428F-B0DB-4C7F-8FA8-E27F91783947}.Release|iPhone.Build.0 = Release|iPhone
		{C127428F-B0DB-4C7F-8FA8-E27F91783947}.Release|iPhoneSimulator.ActiveCfg = Release|iPhoneSimulator
		{C127428F-B0DB-4C7F-8FA8-E27F91783947}.Release|iPhoneSimulator.Build.0 = Release|iPhoneSimulator
		{C127428F-B0DB-4C7F-8FA8-E27F91783947}.Release|x64.ActiveCfg = Release|iPhone
		{C127428F-B0DB-4C7F-8FA8-E27F91783947}.Release|x86.ActiveCfg = Release|iPhone
		{8D8D8CFD-D410-481D-9A89-0F7ABF680662}.Ad-Hoc|Any CPU.ActiveCfg = Release|x86
		{8D8D8CFD-D410-481D-9A89-0F7ABF680662}.Ad-Hoc|Any CPU.Build.0 = Release|x86
		{8D8D8CFD-D410-481D-9A89-0F7ABF680662}.Ad-Hoc|Any CPU.Deploy.0 = Release|x86
		{8D8D8CFD-D410-481D-9A89-0F7ABF680662}.Ad-Hoc|ARM.ActiveCfg = Release|ARM
		{8D8D8CFD-D410-481D-9A89-0F7ABF680662}.Ad-Hoc|ARM.Build.0 = Release|ARM
		{8D8D8CFD-D410-481D-9A89-0F7ABF680662}.Ad-Hoc|ARM.Deploy.0 = Release|ARM
		{8D8D8CFD-D410-481D-9A89-0F7ABF680662}.Ad-Hoc|iPhone.ActiveCfg = Release|x86
		{8D8D8CFD-D410-481D-9A89-0F7ABF680662}.Ad-Hoc|iPhone.Build.0 = Release|x86
		{8D8D8CFD-D410-481D-9A89-0F7ABF680662}.Ad-Hoc|iPhone.Deploy.0 = Release|x86
		{8D8D8CFD-D410-481D-9A89-0F7ABF680662}.Ad-Hoc|iPhoneSimulator.ActiveCfg = Release|x86
		{8D8D8CFD-D410-481D-9A89-0F7ABF680662}.Ad-Hoc|iPhoneSimulator.Build.0 = Release|x86
		{8D8D8CFD-D410-481D-9A89-0F7ABF680662}.Ad-Hoc|iPhoneSimulator.Deploy.0 = Release|x86
		{8D8D8CFD-D410-481D-9A89-0F7ABF680662}.Ad-Hoc|x64.ActiveCfg = Release|x64
		{8D8D8CFD-D410-481D-9A89-0F7ABF680662}.Ad-Hoc|x64.Build.0 = Release|x64
		{8D8D8CFD-D410-481D-9A89-0F7ABF680662}.Ad-Hoc|x64.Deploy.0 = Release|x64
		{8D8D8CFD-D410-481D-9A89-0F7ABF680662}.Ad-Hoc|x86.ActiveCfg = Release|x86
		{8D8D8CFD-D410-481D-9A89-0F7ABF680662}.Ad-Hoc|x86.Build.0 = Release|x86
		{8D8D8CFD-D410-481D-9A89-0F7ABF680662}.Ad-Hoc|x86.Deploy.0 = Release|x86
		{8D8D8CFD-D410-481D-9A89-0F7ABF680662}.AppStore|Any CPU.ActiveCfg = Release|x86
		{8D8D8CFD-D410-481D-9A89-0F7ABF680662}.AppStore|Any CPU.Build.0 = Release|x86
		{8D8D8CFD-D410-481D-9A89-0F7ABF680662}.AppStore|Any CPU.Deploy.0 = Release|x86
		{8D8D8CFD-D410-481D-9A89-0F7ABF680662}.AppStore|ARM.ActiveCfg = Release|ARM
		{8D8D8CFD-D410-481D-9A89-0F7ABF680662}.AppStore|ARM.Build.0 = Release|ARM
		{8D8D8CFD-D410-481D-9A89-0F7ABF680662}.AppStore|ARM.Deploy.0 = Release|ARM
		{8D8D8CFD-D410-481D-9A89-0F7ABF680662}.AppStore|iPhone.ActiveCfg = Release|x86
		{8D8D8CFD-D410-481D-9A89-0F7ABF680662}.AppStore|iPhone.Build.0 = Release|x86
		{8D8D8CFD-D410-481D-9A89-0F7ABF680662}.AppStore|iPhone.Deploy.0 = Release|x86
		{8D8D8CFD-D410-481D-9A89-0F7ABF680662}.AppStore|iPhoneSimulator.ActiveCfg = Release|x86
		{8D8D8CFD-D410-481D-9A89-0F7ABF680662}.AppStore|iPhoneSimulator.Build.0 = Release|x86
		{8D8D8CFD-D410-481D-9A89-0F7ABF680662}.AppStore|iPhoneSimulator.Deploy.0 = Release|x86
		{8D8D8CFD-D410-481D-9A89-0F7ABF680662}.AppStore|x64.ActiveCfg = Release|x64
		{8D8D8CFD-D410-481D-9A89-0F7ABF680662}.AppStore|x64.Build.0 = Release|x64
		{8D8D8CFD-D410-481D-9A89-0F7ABF680662}.AppStore|x64.Deploy.0 = Release|x64
		{8D8D8CFD-D410-481D-9A89-0F7ABF680662}.AppStore|x86.ActiveCfg = Release|x86
		{8D8D8CFD-D410-481D-9A89-0F7ABF680662}.AppStore|x86.Build.0 = Release|x86
		{8D8D8CFD-D410-481D-9A89-0F7ABF680662}.AppStore|x86.Deploy.0 = Release|x86
		{8D8D8CFD-D410-481D-9A89-0F7ABF680662}.Debug|Any CPU.ActiveCfg = Debug|x86
		{8D8D8CFD-D410-481D-9A89-0F7ABF680662}.Debug|ARM.ActiveCfg = Debug|ARM
		{8D8D8CFD-D410-481D-9A89-0F7ABF680662}.Debug|ARM.Build.0 = Debug|ARM
		{8D8D8CFD-D410-481D-9A89-0F7ABF680662}.Debug|ARM.Deploy.0 = Debug|ARM
		{8D8D8CFD-D410-481D-9A89-0F7ABF680662}.Debug|iPhone.ActiveCfg = Debug|x86
		{8D8D8CFD-D410-481D-9A89-0F7ABF680662}.Debug|iPhoneSimulator.ActiveCfg = Debug|x86
		{8D8D8CFD-D410-481D-9A89-0F7ABF680662}.Debug|x64.ActiveCfg = Debug|x64
		{8D8D8CFD-D410-481D-9A89-0F7ABF680662}.Debug|x64.Build.0 = Debug|x64
		{8D8D8CFD-D410-481D-9A89-0F7ABF680662}.Debug|x64.Deploy.0 = Debug|x64
		{8D8D8CFD-D410-481D-9A89-0F7ABF680662}.Debug|x86.ActiveCfg = Debug|x86
		{8D8D8CFD-D410-481D-9A89-0F7ABF680662}.Debug|x86.Build.0 = Debug|x86
		{8D8D8CFD-D410-481D-9A89-0F7ABF680662}.Debug|x86.Deploy.0 = Debug|x86
		{8D8D8CFD-D410-481D-9A89-0F7ABF680662}.Release|Any CPU.ActiveCfg = Release|x86
		{8D8D8CFD-D410-481D-9A89-0F7ABF680662}.Release|ARM.ActiveCfg = Release|ARM
		{8D8D8CFD-D410-481D-9A89-0F7ABF680662}.Release|ARM.Build.0 = Release|ARM
		{8D8D8CFD-D410-481D-9A89-0F7ABF680662}.Release|ARM.Deploy.0 = Release|ARM
		{8D8D8CFD-D410-481D-9A89-0F7ABF680662}.Release|iPhone.ActiveCfg = Release|x86
		{8D8D8CFD-D410-481D-9A89-0F7ABF680662}.Release|iPhoneSimulator.ActiveCfg = Release|x86
		{8D8D8CFD-D410-481D-9A89-0F7ABF680662}.Release|x64.ActiveCfg = Release|x64
		{8D8D8CFD-D410-481D-9A89-0F7ABF680662}.Release|x64.Build.0 = Release|x64
		{8D8D8CFD-D410-481D-9A89-0F7ABF680662}.Release|x64.Deploy.0 = Release|x64
		{8D8D8CFD-D410-481D-9A89-0F7ABF680662}.Release|x86.ActiveCfg = Release|x86
		{8D8D8CFD-D410-481D-9A89-0F7ABF680662}.Release|x86.Build.0 = Release|x86
		{8D8D8CFD-D410-481D-9A89-0F7ABF680662}.Release|x86.Deploy.0 = Release|x86
	EndGlobalSection
	GlobalSection(SolutionProperties) = preSolution
		HideSolutionNode = FALSE
	EndGlobalSection
EndGlobal
